
Microsoft Visual Studio Solution File, Format Version 12.00
# Visual Studio 15
VisualStudioVersion = 15.0.27130.2003
MinimumVisualStudioVersion = 10.0.40219.1
Project("{FAE04EC0-301F-11D3-BF4B-00C04F79EFBC}") = "ConflictCube", "ConflictCube\ConflictCube.csproj", "{F7124B93-9E54-49F0-8ED9-00ABA61D7166}"
EndProject
Project("{FAE04EC0-301F-11D3-BF4B-00C04F79EFBC}") = "ConflictCubeTest", "ConflictCubeTest\ConflictCubeTest.csproj", "{C84947F1-965D-4519-BD94-18D146743DD3}"
EndProject
Project("{FAE04EC0-301F-11D3-BF4B-00C04F79EFBC}") = "ZenselessTests", "ZenselessTests\ZenselessTests.csproj", "{637958CE-FAE1-4B83-9A52-3E88B5EDB8DB}"
EndProject
Project("{FAE04EC0-301F-11D3-BF4B-00C04F79EFBC}") = "Engine", "Engine\Engine.csproj", "{246649F2-118C-4B07-A915-8C8507464DCE}"
EndProject
Global
	GlobalSection(SolutionConfigurationPlatforms) = preSolution
		Debug|Any CPU = Debug|Any CPU
		Release|Any CPU = Release|Any CPU
	EndGlobalSection
	GlobalSection(ProjectConfigurationPlatforms) = postSolution
		{F7124B93-9E54-49F0-8ED9-00ABA61D7166}.Debug|Any CPU.ActiveCfg = Debug|Any CPU
		{F7124B93-9E54-49F0-8ED9-00ABA61D7166}.Debug|Any CPU.Build.0 = Debug|Any CPU
		{F7124B93-9E54-49F0-8ED9-00ABA61D7166}.Release|Any CPU.ActiveCfg = Release|Any CPU
		{F7124B93-9E54-49F0-8ED9-00ABA61D7166}.Release|Any CPU.Build.0 = Release|Any CPU
		{C84947F1-965D-4519-BD94-18D146743DD3}.Debug|Any CPU.ActiveCfg = Debug|Any CPU
		{C84947F1-965D-4519-BD94-18D146743DD3}.Debug|Any CPU.Build.0 = Debug|Any CPU
		{C84947F1-965D-4519-BD94-18D146743DD3}.Release|Any CPU.ActiveCfg = Release|Any CPU
		{C84947F1-965D-4519-BD94-18D146743DD3}.Release|Any CPU.Build.0 = Release|Any CPU
		{637958CE-FAE1-4B83-9A52-3E88B5EDB8DB}.Debug|Any CPU.ActiveCfg = Debug|Any CPU
		{637958CE-FAE1-4B83-9A52-3E88B5EDB8DB}.Debug|Any CPU.Build.0 = Debug|Any CPU
		{637958CE-FAE1-4B83-9A52-3E88B5EDB8DB}.Release|Any CPU.ActiveCfg = Release|Any CPU
		{637958CE-FAE1-4B83-9A52-3E88B5EDB8DB}.Release|Any CPU.Build.0 = Release|Any CPU
		{246649F2-118C-4B07-A915-8C8507464DCE}.Debug|Any CPU.ActiveCfg = Debug|Any CPU
		{246649F2-118C-4B07-A915-8C8507464DCE}.Debug|Any CPU.Build.0 = Debug|Any CPU
		{246649F2-118C-4B07-A915-8C8507464DCE}.Release|Any CPU.ActiveCfg = Release|Any CPU
		{246649F2-118C-4B07-A915-8C8507464DCE}.Release|Any CPU.Build.0 = Release|Any CPU
	EndGlobalSection
	GlobalSection(SolutionProperties) = preSolution
		HideSolutionNode = FALSE
	EndGlobalSection
	GlobalSection(ExtensibilityGlobals) = postSolution
		SolutionGuid = {9A46BA2C-5926-42CA-8238-F0CD59DECF4C}
	EndGlobalSection
EndGlobal
